
Microsoft Visual Studio Solution File, Format Version 11.00
# Visual Studio 2010
Project("{FAE04EC0-301F-11D3-BF4B-00C04F79EFBC}") = "hun_test_big_war", "Assembly-CSharp.csproj", "{0C1840D9-5696-F052-192B-9121E5BB4F82}"
EndProject
Project("{FAE04EC0-301F-11D3-BF4B-00C04F79EFBC}") = "hun_test_big_war", "Assembly-CSharp-Editor.csproj", "{736A28F6-A2A0-C9E9-1029-08ADFD036EF4}"
EndProject
Global
	GlobalSection(SolutionConfigurationPlatforms) = preSolution
		Debug|Any CPU = Debug|Any CPU
		Release|Any CPU = Release|Any CPU
	EndGlobalSection
	GlobalSection(ProjectConfigurationPlatforms) = postSolution
		{0C1840D9-5696-F052-192B-9121E5BB4F82}.Debug|Any CPU.ActiveCfg = Debug|Any CPU
		{0C1840D9-5696-F052-192B-9121E5BB4F82}.Debug|Any CPU.Build.0 = Debug|Any CPU
		{0C1840D9-5696-F052-192B-9121E5BB4F82}.Release|Any CPU.ActiveCfg = Release|Any CPU
		{0C1840D9-5696-F052-192B-9121E5BB4F82}.Release|Any CPU.Build.0 = Release|Any CPU
		{736A28F6-A2A0-C9E9-1029-08ADFD036EF4}.Debug|Any CPU.ActiveCfg = Debug|Any CPU
		{736A28F6-A2A0-C9E9-1029-08ADFD036EF4}.Debug|Any CPU.Build.0 = Debug|Any CPU
		{736A28F6-A2A0-C9E9-1029-08ADFD036EF4}.Release|Any CPU.ActiveCfg = Release|Any CPU
		{736A28F6-A2A0-C9E9-1029-08ADFD036EF4}.Release|Any CPU.Build.0 = Release|Any CPU
	EndGlobalSection
	GlobalSection(SolutionProperties) = preSolution
		HideSolutionNode = FALSE
	EndGlobalSection
	GlobalSection(MonoDevelopProperties) = preSolution
		StartupItem = Assembly-CSharp.csproj
	EndGlobalSection
EndGlobal
